schema: '2.0'
stages:
  train:
    cmd: python3 train.py
    deps:
    - path: data
      hash: md5
      md5: 053b72b21f7862f0eb1742247b3e9ea8.dir
      size: 91997
      nfiles: 1
    - path: train.py
      hash: md5
      md5: 4ec41e0e6ac3fa47ca3493ed772eb324
      size: 3584
    outs:
    - path: metrics.csv
      hash: md5
      md5: e5e50d173e6c57345c4185b48fc3a0e5
      size: 53
    - path: models/model.joblib
      hash: md5
      md5: 0d1ce0b11d846692797571c65be2f444
      size: 3637297
