schema: '2.0'
stages:
  train:
    cmd: python3 train.py
    deps:
    - path: data
      hash: md5
      md5: 94a05c31a9ffe1325eee6feeca88785c.dir
      size: 98717
      nfiles: 1
    - path: train.py
      hash: md5
      md5: 4ec41e0e6ac3fa47ca3493ed772eb324
      size: 3584
    outs:
    - path: metrics.csv
      hash: md5
      md5: b46535b1b3bded2b8ac29017e213ff9a
      size: 51
    - path: models/model.joblib
      hash: md5
      md5: 685e9d415b8cbdd494e2c1ceddebe572
      size: 4024369
